
Microsoft Visual Studio Solution File, Format Version 12.00
# Visual Studio 15
VisualStudioVersion = 15.0.28307.168
MinimumVisualStudioVersion = 10.0.40219.1
Project("{FAE04EC0-301F-11D3-BF4B-00C04F79EFBC}") = "WrappingBug.Android", "WrappingBug\WrappingBug.Android\WrappingBug.Android.csproj", "{24CE3C36-16B9-426D-AA0C-5961ECF8D88C}"
EndProject
Project("{FAE04EC0-301F-11D3-BF4B-00C04F79EFBC}") = "WrappingBug.iOS", "WrappingBug\WrappingBug.iOS\WrappingBug.iOS.csproj", "{E2EB17C5-E199-426A-B17A-C5464F072F1E}"
EndProject
Project("{FAE04EC0-301F-11D3-BF4B-00C04F79EFBC}") = "WrappingBug.UWP", "WrappingBug\WrappingBug.UWP\WrappingBug.UWP.csproj", "{B3DE2654-4223-4918-BBEE-2347C6D963F2}"
EndProject
Project("{FAE04EC0-301F-11D3-BF4B-00C04F79EFBC}") = "WrappingBug", "WrappingBug\WrappingBug\WrappingBug.csproj", "{3D7C0919-BF64-4432-8933-EE970F1E9A26}"
EndProject
Global
	GlobalSection(SolutionConfigurationPlatforms) = preSolution
		Debug|Any CPU = Debug|Any CPU
		Debug|ARM = Debug|ARM
		Debug|iPhone = Debug|iPhone
		Debug|iPhoneSimulator = Debug|iPhoneSimulator
		Debug|x64 = Debug|x64
		Debug|x86 = Debug|x86
		Release|Any CPU = Release|Any CPU
		Release|ARM = Release|ARM
		Release|iPhone = Release|iPhone
		Release|iPhoneSimulator = Release|iPhoneSimulator
		Release|x64 = Release|x64
		Release|x86 = Release|x86
	EndGlobalSection
	GlobalSection(ProjectConfigurationPlatforms) = postSolution
		{24CE3C36-16B9-426D-AA0C-5961ECF8D88C}.Debug|Any CPU.ActiveCfg = Debug|Any CPU
		{24CE3C36-16B9-426D-AA0C-5961ECF8D88C}.Debug|Any CPU.Build.0 = Debug|Any CPU
		{24CE3C36-16B9-426D-AA0C-5961ECF8D88C}.Debug|Any CPU.Deploy.0 = Debug|Any CPU
		{24CE3C36-16B9-426D-AA0C-5961ECF8D88C}.Debug|ARM.ActiveCfg = Debug|Any CPU
		{24CE3C36-16B9-426D-AA0C-5961ECF8D88C}.Debug|ARM.Build.0 = Debug|Any CPU
		{24CE3C36-16B9-426D-AA0C-5961ECF8D88C}.Debug|ARM.Deploy.0 = Debug|Any CPU
		{24CE3C36-16B9-426D-AA0C-5961ECF8D88C}.Debug|iPhone.ActiveCfg = Debug|Any CPU
		{24CE3C36-16B9-426D-AA0C-5961ECF8D88C}.Debug|iPhone.Build.0 = Debug|Any CPU
		{24CE3C36-16B9-426D-AA0C-5961ECF8D88C}.Debug|iPhone.Deploy.0 = Debug|Any CPU
		{24CE3C36-16B9-426D-AA0C-5961ECF8D88C}.Debug|iPhoneSimulator.ActiveCfg = Debug|Any CPU
		{24CE3C36-16B9-426D-AA0C-5961ECF8D88C}.Debug|iPhoneSimulator.Build.0 = Debug|Any CPU
		{24CE3C36-16B9-426D-AA0C-5961ECF8D88C}.Debug|iPhoneSimulator.Deploy.0 = Debug|Any CPU
		{24CE3C36-16B9-426D-AA0C-5961ECF8D88C}.Debug|x64.ActiveCfg = Debug|Any CPU
		{24CE3C36-16B9-426D-AA0C-5961ECF8D88C}.Debug|x64.Build.0 = Debug|Any CPU
		{24CE3C36-16B9-426D-AA0C-5961ECF8D88C}.Debug|x64.Deploy.0 = Debug|Any CPU
		{24CE3C36-16B9-426D-AA0C-5961ECF8D88C}.Debug|x86.ActiveCfg = Debug|Any CPU
		{24CE3C36-16B9-426D-AA0C-5961ECF8D88C}.Debug|x86.Build.0 = Debug|Any CPU
		{24CE3C36-16B9-426D-AA0C-5961ECF8D88C}.Debug|x86.Deploy.0 = Debug|Any CPU
		{24CE3C36-16B9-426D-AA0C-5961ECF8D88C}.Release|Any CPU.ActiveCfg = Release|Any CPU
		{24CE3C36-16B9-426D-AA0C-5961ECF8D88C}.Release|Any CPU.Build.0 = Release|Any CPU
		{24CE3C36-16B9-426D-AA0C-5961ECF8D88C}.Release|Any CPU.Deploy.0 = Release|Any CPU
		{24CE3C36-16B9-426D-AA0C-5961ECF8D88C}.Release|ARM.ActiveCfg = Release|Any CPU
		{24CE3C36-16B9-426D-AA0C-5961ECF8D88C}.Release|ARM.Build.0 = Release|Any CPU
		{24CE3C36-16B9-426D-AA0C-5961ECF8D88C}.Release|ARM.Deploy.0 = Release|Any CPU
		{24CE3C36-16B9-426D-AA0C-5961ECF8D88C}.Release|iPhone.ActiveCfg = Release|Any CPU
		{24CE3C36-16B9-426D-AA0C-5961ECF8D88C}.Release|iPhone.Build.0 = Release|Any CPU
		{24CE3C36-16B9-426D-AA0C-5961ECF8D88C}.Release|iPhone.Deploy.0 = Release|Any CPU
		{24CE3C36-16B9-426D-AA0C-5961ECF8D88C}.Release|iPhoneSimulator.ActiveCfg = Release|Any CPU
		{24CE3C36-16B9-426D-AA0C-5961ECF8D88C}.Release|iPhoneSimulator.Build.0 = Release|Any CPU
		{24CE3C36-16B9-426D-AA0C-5961ECF8D88C}.Release|iPhoneSimulator.Deploy.0 = Release|Any CPU
		{24CE3C36-16B9-426D-AA0C-5961ECF8D88C}.Release|x64.ActiveCfg = Release|Any CPU
		{24CE3C36-16B9-426D-AA0C-5961ECF8D88C}.Release|x64.Build.0 = Release|Any CPU
		{24CE3C36-16B9-426D-AA0C-5961ECF8D88C}.Release|x64.Deploy.0 = Release|Any CPU
		{24CE3C36-16B9-426D-AA0C-5961ECF8D88C}.Release|x86.ActiveCfg = Release|Any CPU
		{24CE3C36-16B9-426D-AA0C-5961ECF8D88C}.Release|x86.Build.0 = Release|Any CPU
		{24CE3C36-16B9-426D-AA0C-5961ECF8D88C}.Release|x86.Deploy.0 = Release|Any CPU
		{E2EB17C5-E199-426A-B17A-C5464F072F1E}.Debug|Any CPU.ActiveCfg = Debug|iPhoneSimulator
		{E2EB17C5-E199-426A-B17A-C5464F072F1E}.Debug|Any CPU.Build.0 = Debug|iPhoneSimulator
		{E2EB17C5-E199-426A-B17A-C5464F072F1E}.Debug|Any CPU.Deploy.0 = Debug|iPhoneSimulator
		{E2EB17C5-E199-426A-B17A-C5464F072F1E}.Debug|ARM.ActiveCfg = Debug|iPhone
		{E2EB17C5-E199-426A-B17A-C5464F072F1E}.Debug|ARM.Build.0 = Debug|iPhone
		{E2EB17C5-E199-426A-B17A-C5464F072F1E}.Debug|ARM.Deploy.0 = Debug|iPhone
		{E2EB17C5-E199-426A-B17A-C5464F072F1E}.Debug|iPhone.ActiveCfg = Debug|iPhone
		{E2EB17C5-E199-426A-B17A-C5464F072F1E}.Debug|iPhone.Build.0 = Debug|iPhone
		{E2EB17C5-E199-426A-B17A-C5464F072F1E}.Debug|iPhone.Deploy.0 = Debug|iPhone
		{E2EB17C5-E199-426A-B17A-C5464F072F1E}.Debug|iPhoneSimulator.ActiveCfg = Debug|iPhoneSimulator
		{E2EB17C5-E199-426A-B17A-C5464F072F1E}.Debug|iPhoneSimulator.Build.0 = Debug|iPhoneSimulator
		{E2EB17C5-E199-426A-B17A-C5464F072F1E}.Debug|iPhoneSimulator.Deploy.0 = Debug|iPhoneSimulator
		{E2EB17C5-E199-426A-B17A-C5464F072F1E}.Debug|x64.ActiveCfg = Debug|iPhone
		{E2EB17C5-E199-426A-B17A-C5464F072F1E}.Debug|x64.Build.0 = Debug|iPhone
		{E2EB17C5-E199-426A-B17A-C5464F072F1E}.Debug|x64.Deploy.0 = Debug|iPhone
		{E2EB17C5-E199-426A-B17A-C5464F072F1E}.Debug|x86.ActiveCfg = Debug|iPhone
		{E2EB17C5-E199-426A-B17A-C5464F072F1E}.Debug|x86.Build.0 = Debug|iPhone
		{E2EB17C5-E199-426A-B17A-C5464F072F1E}.Debug|x86.Deploy.0 = Debug|iPhone
		{E2EB17C5-E199-426A-B17A-C5464F072F1E}.Release|Any CPU.ActiveCfg = Release|iPhone
		{E2EB17C5-E199-426A-B17A-C5464F072F1E}.Release|Any CPU.Build.0 = Release|iPhone
		{E2EB17C5-E199-426A-B17A-C5464F072F1E}.Release|Any CPU.Deploy.0 = Release|iPhone
		{E2EB17C5-E199-426A-B17A-C5464F072F1E}.Release|ARM.ActiveCfg = Release|iPhone
		{E2EB17C5-E199-426A-B17A-C5464F072F1E}.Release|ARM.Build.0 = Release|iPhone
		{E2EB17C5-E199-426A-B17A-C5464F072F1E}.Release|ARM.Deploy.0 = Release|iPhone
		{E2EB17C5-E199-426A-B17A-C5464F072F1E}.Release|iPhone.ActiveCfg = Release|iPhone
		{E2EB17C5-E199-426A-B17A-C5464F072F1E}.Release|iPhone.Build.0 = Release|iPhone
		{E2EB17C5-E199-426A-B17A-C5464F072F1E}.Release|iPhone.Deploy.0 = Release|iPhone
		{E2EB17C5-E199-426A-B17A-C5464F072F1E}.Release|iPhoneSimulator.ActiveCfg = Release|iPhoneSimulator
		{E2EB17C5-E199-426A-B17A-C5464F072F1E}.Release|iPhoneSimulator.Build.0 = Release|iPhoneSimulator
		{E2EB17C5-E199-426A-B17A-C5464F072F1E}.Release|iPhoneSimulator.Deploy.0 = Release|iPhoneSimulator
		{E2EB17C5-E199-426A-B17A-C5464F072F1E}.Release|x64.ActiveCfg = Release|iPhone
		{E2EB17C5-E199-426A-B17A-C5464F072F1E}.Release|x64.Build.0 = Release|iPhone
		{E2EB17C5-E199-426A-B17A-C5464F072F1E}.Release|x64.Deploy.0 = Release|iPhone
		{E2EB17C5-E199-426A-B17A-C5464F072F1E}.Release|x86.ActiveCfg = Release|iPhone
		{E2EB17C5-E199-426A-B17A-C5464F072F1E}.Release|x86.Build.0 = Release|iPhone
		{E2EB17C5-E199-426A-B17A-C5464F072F1E}.Release|x86.Deploy.0 = Release|iPhone
		{B3DE2654-4223-4918-BBEE-2347C6D963F2}.Debug|Any CPU.ActiveCfg = Debug|x86
		{B3DE2654-4223-4918-BBEE-2347C6D963F2}.Debug|Any CPU.Build.0 = Debug|x86
		{B3DE2654-4223-4918-BBEE-2347C6D963F2}.Debug|Any CPU.Deploy.0 = Debug|x86
		{B3DE2654-4223-4918-BBEE-2347C6D963F2}.Debug|ARM.ActiveCfg = Debug|ARM
		{B3DE2654-4223-4918-BBEE-2347C6D963F2}.Debug|ARM.Build.0 = Debug|ARM
		{B3DE2654-4223-4918-BBEE-2347C6D963F2}.Debug|ARM.Deploy.0 = Debug|ARM
		{B3DE2654-4223-4918-BBEE-2347C6D963F2}.Debug|iPhone.ActiveCfg = Debug|x86
		{B3DE2654-4223-4918-BBEE-2347C6D963F2}.Debug|iPhone.Build.0 = Debug|x86
		{B3DE2654-4223-4918-BBEE-2347C6D963F2}.Debug|iPhone.Deploy.0 = Debug|x86
		{B3DE2654-4223-4918-BBEE-2347C6D963F2}.Debug|iPhoneSimulator.ActiveCfg = Debug|x86
		{B3DE2654-4223-4918-BBEE-2347C6D963F2}.Debug|iPhoneSimulator.Build.0 = Debug|x86
		{B3DE2654-4223-4918-BBEE-2347C6D963F2}.Debug|iPhoneSimulator.Deploy.0 = Debug|x86
		{B3DE2654-4223-4918-BBEE-2347C6D963F2}.Debug|x64.ActiveCfg = Debug|x64
		{B3DE2654-4223-4918-BBEE-2347C6D963F2}.Debug|x64.Build.0 = Debug|x64
		{B3DE2654-4223-4918-BBEE-2347C6D963F2}.Debug|x64.Deploy.0 = Debug|x64
		{B3DE2654-4223-4918-BBEE-2347C6D963F2}.Debug|x86.ActiveCfg = Debug|x86
		{B3DE2654-4223-4918-BBEE-2347C6D963F2}.Debug|x86.Build.0 = Debug|x86
		{B3DE2654-4223-4918-BBEE-2347C6D963F2}.Debug|x86.Deploy.0 = Debug|x86
		{B3DE2654-4223-4918-BBEE-2347C6D963F2}.Release|Any CPU.ActiveCfg = Release|x86
		{B3DE2654-4223-4918-BBEE-2347C6D963F2}.Release|Any CPU.Build.0 = Release|x86
		{B3DE2654-4223-4918-BBEE-2347C6D963F2}.Release|Any CPU.Deploy.0 = Release|x86
		{B3DE2654-4223-4918-BBEE-2347C6D963F2}.Release|ARM.ActiveCfg = Release|ARM
		{B3DE2654-4223-4918-BBEE-2347C6D963F2}.Release|ARM.Build.0 = Release|ARM
		{B3DE2654-4223-4918-BBEE-2347C6D963F2}.Release|ARM.Deploy.0 = Release|ARM
		{B3DE2654-4223-4918-BBEE-2347C6D963F2}.Release|iPhone.ActiveCfg = Release|x86
		{B3DE2654-4223-4918-BBEE-2347C6D963F2}.Release|iPhone.Build.0 = Release|x86
		{B3DE2654-4223-4918-BBEE-2347C6D963F2}.Release|iPhone.Deploy.0 = Release|x86
		{B3DE2654-4223-4918-BBEE-2347C6D963F2}.Release|iPhoneSimulator.ActiveCfg = Release|x86
		{B3DE2654-4223-4918-BBEE-2347C6D963F2}.Release|iPhoneSimulator.Build.0 = Release|x86
		{B3DE2654-4223-4918-BBEE-2347C6D963F2}.Release|iPhoneSimulator.Deploy.0 = Release|x86
		{B3DE2654-4223-4918-BBEE-2347C6D963F2}.Release|x64.ActiveCfg = Release|x64
		{B3DE2654-4223-4918-BBEE-2347C6D963F2}.Release|x64.Build.0 = Release|x64
		{B3DE2654-4223-4918-BBEE-2347C6D963F2}.Release|x64.Deploy.0 = Release|x64
		{B3DE2654-4223-4918-BBEE-2347C6D963F2}.Release|x86.ActiveCfg = Release|x86
		{B3DE2654-4223-4918-BBEE-2347C6D963F2}.Release|x86.Build.0 = Release|x86
		{B3DE2654-4223-4918-BBEE-2347C6D963F2}.Release|x86.Deploy.0 = Release|x86
		{3D7C0919-BF64-4432-8933-EE970F1E9A26}.Debug|Any CPU.ActiveCfg = Debug|Any CPU
		{3D7C0919-BF64-4432-8933-EE970F1E9A26}.Debug|Any CPU.Build.0 = Debug|Any CPU
		{3D7C0919-BF64-4432-8933-EE970F1E9A26}.Debug|Any CPU.Deploy.0 = Debug|Any CPU
		{3D7C0919-BF64-4432-8933-EE970F1E9A26}.Debug|ARM.ActiveCfg = Debug|Any CPU
		{3D7C0919-BF64-4432-8933-EE970F1E9A26}.Debug|ARM.Build.0 = Debug|Any CPU
		{3D7C0919-BF64-4432-8933-EE970F1E9A26}.Debug|ARM.Deploy.0 = Debug|Any CPU
		{3D7C0919-BF64-4432-8933-EE970F1E9A26}.Debug|iPhone.ActiveCfg = Debug|Any CPU
		{3D7C0919-BF64-4432-8933-EE970F1E9A26}.Debug|iPhone.Build.0 = Debug|Any CPU
		{3D7C0919-BF64-4432-8933-EE970F1E9A26}.Debug|iPhone.Deploy.0 = Debug|Any CPU
		{3D7C0919-BF64-4432-8933-EE970F1E9A26}.Debug|iPhoneSimulator.ActiveCfg = Debug|Any CPU
		{3D7C0919-BF64-4432-8933-EE970F1E9A26}.Debug|iPhoneSimulator.Build.0 = Debug|Any CPU
		{3D7C0919-BF64-4432-8933-EE970F1E9A26}.Debug|iPhoneSimulator.Deploy.0 = Debug|Any CPU
		{3D7C0919-BF64-4432-8933-EE970F1E9A26}.Debug|x64.ActiveCfg = Debug|Any CPU
		{3D7C0919-BF64-4432-8933-EE970F1E9A26}.Debug|x64.Build.0 = Debug|Any CPU
		{3D7C0919-BF64-4432-8933-EE970F1E9A26}.Debug|x64.Deploy.0 = Debug|Any CPU
		{3D7C0919-BF64-4432-8933-EE970F1E9A26}.Debug|x86.ActiveCfg = Debug|Any CPU
		{3D7C0919-BF64-4432-8933-EE970F1E9A26}.Debug|x86.Build.0 = Debug|Any CPU
		{3D7C0919-BF64-4432-8933-EE970F1E9A26}.Debug|x86.Deploy.0 = Debug|Any CPU
		{3D7C0919-BF64-4432-8933-EE970F1E9A26}.Release|Any CPU.ActiveCfg = Release|Any CPU
		{3D7C0919-BF64-4432-8933-EE970F1E9A26}.Release|Any CPU.Build.0 = Release|Any CPU
		{3D7C0919-BF64-4432-8933-EE970F1E9A26}.Release|Any CPU.Deploy.0 = Release|Any CPU
		{3D7C0919-BF64-4432-8933-EE970F1E9A26}.Release|ARM.ActiveCfg = Release|Any CPU
		{3D7C0919-BF64-4432-8933-EE970F1E9A26}.Release|ARM.Build.0 = Release|Any CPU
		{3D7C0919-BF64-4432-8933-EE970F1E9A26}.Release|ARM.Deploy.0 = Release|Any CPU
		{3D7C0919-BF64-4432-8933-EE970F1E9A26}.Release|iPhone.ActiveCfg = Release|Any CPU
		{3D7C0919-BF64-4432-8933-EE970F1E9A26}.Release|iPhone.Build.0 = Release|Any CPU
		{3D7C0919-BF64-4432-8933-EE970F1E9A26}.Release|iPhone.Deploy.0 = Release|Any CPU
		{3D7C0919-BF64-4432-8933-EE970F1E9A26}.Release|iPhoneSimulator.ActiveCfg = Release|Any CPU
		{3D7C0919-BF64-4432-8933-EE970F1E9A26}.Release|iPhoneSimulator.Build.0 = Release|Any CPU
		{3D7C0919-BF64-4432-8933-EE970F1E9A26}.Release|iPhoneSimulator.Deploy.0 = Release|Any CPU
		{3D7C0919-BF64-4432-8933-EE970F1E9A26}.Release|x64.ActiveCfg = Release|Any CPU
		{3D7C0919-BF64-4432-8933-EE970F1E9A26}.Release|x64.Build.0 = Release|Any CPU
		{3D7C0919-BF64-4432-8933-EE970F1E9A26}.Release|x64.Deploy.0 = Release|Any CPU
		{3D7C0919-BF64-4432-8933-EE970F1E9A26}.Release|x86.ActiveCfg = Release|Any CPU
		{3D7C0919-BF64-4432-8933-EE970F1E9A26}.Release|x86.Build.0 = Release|Any CPU
		{3D7C0919-BF64-4432-8933-EE970F1E9A26}.Release|x86.Deploy.0 = Release|Any CPU
	EndGlobalSection
	GlobalSection(SolutionProperties) = preSolution
		HideSolutionNode = FALSE
	EndGlobalSection
	GlobalSection(ExtensibilityGlobals) = postSolution
		SolutionGuid = {60A6FCB4-6CD6-42C5-B07F-43175D9FE3FF}
	EndGlobalSection
EndGlobal
